
Microsoft Visual Studio Solution File, Format Version 12.00
# Visual Studio 15
VisualStudioVersion = 15.0.27703.2042
MinimumVisualStudioVersion = 10.0.40219.1
Project("{159641D6-6404-4A2A-AE62-294DE0FE8301}") = "SSIS.Sample1", "SSIS.Sample1\SSIS.Sample1.dtproj", "{51C4796B-7328-4C1E-8FF3-D4FCF562A635}"
EndProject
Global
	GlobalSection(SolutionConfigurationPlatforms) = preSolution
		Development|Default = Development|Default
	EndGlobalSection
	GlobalSection(ProjectConfigurationPlatforms) = postSolution
		{51C4796B-7328-4C1E-8FF3-D4FCF562A635}.Development|Default.ActiveCfg = Development
		{51C4796B-7328-4C1E-8FF3-D4FCF562A635}.Development|Default.Build.0 = Development
	EndGlobalSection
	GlobalSection(SolutionProperties) = preSolution
		HideSolutionNode = FALSE
	EndGlobalSection
	GlobalSection(ExtensibilityGlobals) = postSolution
		SolutionGuid = {83A83F32-CAA6-4DE0-853E-591B35BF4CC0}
	EndGlobalSection
EndGlobal
